
Microsoft Visual Studio Solution File, Format Version 12.00
# Visual Studio Version 16
VisualStudioVersion = 16.0.31729.503
MinimumVisualStudioVersion = 10.0.40219.1
Project("{FAE04EC0-301F-11D3-BF4B-00C04F79EFBC}") = "MultiColoredModernUI", "WindowsFormsApp1\MultiColoredModernUI.csproj", "{05DE025A-1265-461A-9451-29CD217215A2}"
EndProject
Global
	GlobalSection(SolutionConfigurationPlatforms) = preSolution
		Debug|Any CPU = Debug|Any CPU
		Release|Any CPU = Release|Any CPU
	EndGlobalSection
	GlobalSection(ProjectConfigurationPlatforms) = postSolution
		{05DE025A-1265-461A-9451-29CD217215A2}.Debug|Any CPU.ActiveCfg = Debug|Any CPU
		{05DE025A-1265-461A-9451-29CD217215A2}.Debug|Any CPU.Build.0 = Debug|Any CPU
		{05DE025A-1265-461A-9451-29CD217215A2}.Release|Any CPU.ActiveCfg = Release|Any CPU
		{05DE025A-1265-461A-9451-29CD217215A2}.Release|Any CPU.Build.0 = Release|Any CPU
	EndGlobalSection
	GlobalSection(SolutionProperties) = preSolution
		HideSolutionNode = FALSE
	EndGlobalSection
	GlobalSection(ExtensibilityGlobals) = postSolution
		SolutionGuid = {E19881BE-376A-4982-B3C6-F860D69931DA}
	EndGlobalSection
EndGlobal
